
Microsoft Visual Studio Solution File, Format Version 12.00
# Visual Studio Version 17
VisualStudioVersion = 17.0.31912.275
MinimumVisualStudioVersion = 10.0.40219.1
Project("{9A19103F-16F7-4668-BE54-9A1E7A4F7556}") = "FPT.POLY.DATN.Data.Model", "FPT.POLY.DATN.Data.Model\FPT.POLY.DATN.Data.Model.csproj", "{8992FDCD-51E9-4178-BA71-C1177C00EAA6}"
EndProject
Project("{9A19103F-16F7-4668-BE54-9A1E7A4F7556}") = "FPT.POLY.DATN.Data.Acces", "FPT.POLY.DATN.Data.Acces\FPT.POLY.DATN.Data.Acces.csproj", "{53B41E24-970E-481B-956A-9EF18393EAB3}"
EndProject
Project("{FAE04EC0-301F-11D3-BF4B-00C04F79EFBC}") = "FPT.POLY.DATN.Biz", "FPT.POLY.DANT.Biz\FPT.POLY.DATN.Biz.csproj", "{4B961D31-BFC8-48A8-978E-84E6B6D941C5}"
EndProject
Project("{FAE04EC0-301F-11D3-BF4B-00C04F79EFBC}") = "FPT.POLY.DATN.Biz.Model", "FPT.POLY.DATN.Biz.Model\FPT.POLY.DATN.Biz.Model.csproj", "{A60DB7B3-DC51-4A09-A35F-94920AD2459D}"
EndProject
Project("{FAE04EC0-301F-11D3-BF4B-00C04F79EFBC}") = "FPT.POLY.DATN.Api", "FPT.POLY.DATN.Api\FPT.POLY.DATN.Api.csproj", "{ED931EEF-AF47-42F8-A97F-BB25DA2A7C59}"
EndProject
Global
	GlobalSection(SolutionConfigurationPlatforms) = preSolution
		Debug|Any CPU = Debug|Any CPU
		Release|Any CPU = Release|Any CPU
	EndGlobalSection
	GlobalSection(ProjectConfigurationPlatforms) = postSolution
		{8992FDCD-51E9-4178-BA71-C1177C00EAA6}.Debug|Any CPU.ActiveCfg = Debug|Any CPU
		{8992FDCD-51E9-4178-BA71-C1177C00EAA6}.Debug|Any CPU.Build.0 = Debug|Any CPU
		{8992FDCD-51E9-4178-BA71-C1177C00EAA6}.Release|Any CPU.ActiveCfg = Release|Any CPU
		{8992FDCD-51E9-4178-BA71-C1177C00EAA6}.Release|Any CPU.Build.0 = Release|Any CPU
		{53B41E24-970E-481B-956A-9EF18393EAB3}.Debug|Any CPU.ActiveCfg = Debug|Any CPU
		{53B41E24-970E-481B-956A-9EF18393EAB3}.Debug|Any CPU.Build.0 = Debug|Any CPU
		{53B41E24-970E-481B-956A-9EF18393EAB3}.Release|Any CPU.ActiveCfg = Release|Any CPU
		{53B41E24-970E-481B-956A-9EF18393EAB3}.Release|Any CPU.Build.0 = Release|Any CPU
		{4B961D31-BFC8-48A8-978E-84E6B6D941C5}.Debug|Any CPU.ActiveCfg = Debug|Any CPU
		{4B961D31-BFC8-48A8-978E-84E6B6D941C5}.Debug|Any CPU.Build.0 = Debug|Any CPU
		{4B961D31-BFC8-48A8-978E-84E6B6D941C5}.Release|Any CPU.ActiveCfg = Release|Any CPU
		{4B961D31-BFC8-48A8-978E-84E6B6D941C5}.Release|Any CPU.Build.0 = Release|Any CPU
		{A60DB7B3-DC51-4A09-A35F-94920AD2459D}.Debug|Any CPU.ActiveCfg = Debug|Any CPU
		{A60DB7B3-DC51-4A09-A35F-94920AD2459D}.Debug|Any CPU.Build.0 = Debug|Any CPU
		{A60DB7B3-DC51-4A09-A35F-94920AD2459D}.Release|Any CPU.ActiveCfg = Release|Any CPU
		{A60DB7B3-DC51-4A09-A35F-94920AD2459D}.Release|Any CPU.Build.0 = Release|Any CPU
		{ED931EEF-AF47-42F8-A97F-BB25DA2A7C59}.Debug|Any CPU.ActiveCfg = Debug|Any CPU
		{ED931EEF-AF47-42F8-A97F-BB25DA2A7C59}.Debug|Any CPU.Build.0 = Debug|Any CPU
		{ED931EEF-AF47-42F8-A97F-BB25DA2A7C59}.Release|Any CPU.ActiveCfg = Release|Any CPU
		{ED931EEF-AF47-42F8-A97F-BB25DA2A7C59}.Release|Any CPU.Build.0 = Release|Any CPU
	EndGlobalSection
	GlobalSection(SolutionProperties) = preSolution
		HideSolutionNode = FALSE
	EndGlobalSection
	GlobalSection(ExtensibilityGlobals) = postSolution
		SolutionGuid = {E2B3157E-97A6-4CC4-9CDB-A81BF09F922B}
	EndGlobalSection
EndGlobal
